// !$*UTF8*$!
{
	archiveVersion = 1;
	classes = {
	};
	objectVersion = 60;
	objects = {

/* Begin PBXBuildFile section */
		A10000000000000000000001 /* MacSvnDesktopApp.swift in Sources */ = {isa = PBXBuildFile; fileRef = A20000000000000000000001 /* MacSvnDesktopApp.swift */; };
		A10000000000000000000002 /* MacSvnApp in Frameworks */ = {isa = PBXBuildFile; productRef = A30000000000000000000001 /* MacSvnApp */; };
		A10000000000000000000003 /* MacSvnFinderSync.swift in Sources */ = {isa = PBXBuildFile; fileRef = A20000000000000000000004 /* MacSvnFinderSync.swift */; };
		A10000000000000000000004 /* MacSvnCore in Frameworks */ = {isa = PBXBuildFile; productRef = A30000000000000000000002 /* MacSvnCore */; };
		A10000000000000000000005 /* SVNStudioFinderSync.appex in Embed Foundation Extensions */ = {isa = PBXBuildFile; fileRef = A20000000000000000000005 /* SVNStudioFinderSync.appex */; settings = {ATTRIBUTES = (RemoveHeadersOnCopy, ); }; };
		A10000000000000000000006 /* MacSvnQuickLookPreviewProvider.swift in Sources */ = {isa = PBXBuildFile; fileRef = A20000000000000000000007 /* MacSvnQuickLookPreviewProvider.swift */; };
		A10000000000000000000007 /* MacSvnCore in Frameworks */ = {isa = PBXBuildFile; productRef = A30000000000000000000003 /* MacSvnCore */; };
		A10000000000000000000008 /* SVNStudioQuickLook.appex in Embed Foundation Extensions */ = {isa = PBXBuildFile; fileRef = A20000000000000000000008 /* SVNStudioQuickLook.appex */; settings = {ATTRIBUTES = (RemoveHeadersOnCopy, ); }; };
/* End PBXBuildFile section */

/* Begin PBXContainerItemProxy section */
		A11000000000000000000001 /* PBXContainerItemProxy */ = {
			isa = PBXContainerItemProxy;
			containerPortal = A80000000000000000000001 /* Project object */;
			proxyType = 1;
			remoteGlobalIDString = A60000000000000000000002;
			remoteInfo = SVNStudioFinderSync;
		};
		A11000000000000000000002 /* PBXContainerItemProxy */ = {
			isa = PBXContainerItemProxy;
			containerPortal = A80000000000000000000001 /* Project object */;
			proxyType = 1;
			remoteGlobalIDString = A60000000000000000000003;
			remoteInfo = SVNStudioQuickLook;
		};
/* End PBXContainerItemProxy section */

/* Begin PBXCopyFilesBuildPhase section */
		A12000000000000000000001 /* Embed Foundation Extensions */ = {
			isa = PBXCopyFilesBuildPhase;
			buildActionMask = 2147483647;
			dstPath = "";
			dstSubfolderSpec = 13;
			files = (
				A10000000000000000000005 /* SVNStudioFinderSync.appex in Embed Foundation Extensions */,
				A10000000000000000000008 /* SVNStudioQuickLook.appex in Embed Foundation Extensions */,
			);
			name = "Embed Foundation Extensions";
			runOnlyForDeploymentPostprocessing = 0;
		};
/* End PBXCopyFilesBuildPhase section */

/* Begin PBXFileReference section */
		A20000000000000000000001 /* MacSvnDesktopApp.swift */ = {isa = PBXFileReference; lastKnownFileType = sourcecode.swift; path = MacSvnDesktopApp.swift; sourceTree = "<group>"; };
		A20000000000000000000002 /* Info.plist */ = {isa = PBXFileReference; lastKnownFileType = text.plist.xml; path = Info.plist; sourceTree = "<group>"; };
		A20000000000000000000003 /* SVNStudio.app */ = {isa = PBXFileReference; explicitFileType = wrapper.application; includeInIndex = 0; path = SVNStudio.app; sourceTree = BUILT_PRODUCTS_DIR; };
		A20000000000000000000004 /* MacSvnFinderSync.swift */ = {isa = PBXFileReference; lastKnownFileType = sourcecode.swift; path = MacSvnFinderSync.swift; sourceTree = "<group>"; };
		A20000000000000000000005 /* SVNStudioFinderSync.appex */ = {isa = PBXFileReference; explicitFileType = "wrapper.app-extension"; includeInIndex = 0; path = SVNStudioFinderSync.appex; sourceTree = BUILT_PRODUCTS_DIR; };
		A20000000000000000000006 /* FinderSyncInfo.plist */ = {isa = PBXFileReference; lastKnownFileType = text.plist.xml; name = Info.plist; path = Info.plist; sourceTree = "<group>"; };
		A20000000000000000000007 /* MacSvnQuickLookPreviewProvider.swift */ = {isa = PBXFileReference; lastKnownFileType = sourcecode.swift; path = MacSvnQuickLookPreviewProvider.swift; sourceTree = "<group>"; };
		A20000000000000000000008 /* SVNStudioQuickLook.appex */ = {isa = PBXFileReference; explicitFileType = "wrapper.app-extension"; includeInIndex = 0; path = SVNStudioQuickLook.appex; sourceTree = BUILT_PRODUCTS_DIR; };
		A20000000000000000000009 /* QuickLookInfo.plist */ = {isa = PBXFileReference; lastKnownFileType = text.plist.xml; name = Info.plist; path = Info.plist; sourceTree = "<group>"; };
/* End PBXFileReference section */

/* Begin PBXFrameworksBuildPhase section */
		A40000000000000000000001 /* Frameworks */ = {
			isa = PBXFrameworksBuildPhase;
			buildActionMask = 2147483647;
			files = (
				A10000000000000000000002 /* MacSvnApp in Frameworks */,
			);
			runOnlyForDeploymentPostprocessing = 0;
		};
		A40000000000000000000004 /* Frameworks */ = {
			isa = PBXFrameworksBuildPhase;
			buildActionMask = 2147483647;
			files = (
				A10000000000000000000004 /* MacSvnCore in Frameworks */,
			);
			runOnlyForDeploymentPostprocessing = 0;
		};
		A40000000000000000000007 /* Frameworks */ = {
			isa = PBXFrameworksBuildPhase;
			buildActionMask = 2147483647;
			files = (
				A10000000000000000000007 /* MacSvnCore in Frameworks */,
			);
			runOnlyForDeploymentPostprocessing = 0;
		};
/* End PBXFrameworksBuildPhase section */

/* Begin PBXGroup section */
		A50000000000000000000001 = {
			isa = PBXGroup;
			children = (
				A50000000000000000000002 /* Sources */,
				A50000000000000000000003 /* Packaging */,
				A50000000000000000000004 /* Products */,
			);
			sourceTree = "<group>";
		};
		A50000000000000000000002 /* Sources */ = {
			isa = PBXGroup;
			children = (
				A50000000000000000000005 /* MacSvnDesktopApp */,
			);
			path = Sources;
			sourceTree = "<group>";
		};
		A50000000000000000000005 /* MacSvnDesktopApp */ = {
			isa = PBXGroup;
			children = (
				A20000000000000000000001 /* MacSvnDesktopApp.swift */,
			);
			path = MacSvnDesktopApp;
			sourceTree = "<group>";
		};
		A50000000000000000000003 /* Packaging */ = {
			isa = PBXGroup;
			children = (
				A50000000000000000000006 /* SVNStudio */,
				A50000000000000000000007 /* FinderSync */,
				A50000000000000000000008 /* QuickLook */,
			);
			path = Packaging;
			sourceTree = "<group>";
		};
		A50000000000000000000006 /* SVNStudio */ = {
			isa = PBXGroup;
			children = (
				A20000000000000000000002 /* Info.plist */,
			);
			path = SVNStudio;
			sourceTree = "<group>";
		};
		A50000000000000000000007 /* FinderSync */ = {
			isa = PBXGroup;
			children = (
				A20000000000000000000004 /* MacSvnFinderSync.swift */,
				A20000000000000000000006 /* FinderSyncInfo.plist */,
			);
			path = FinderSync;
			sourceTree = "<group>";
		};
		A50000000000000000000008 /* QuickLook */ = {
			isa = PBXGroup;
			children = (
				A20000000000000000000007 /* MacSvnQuickLookPreviewProvider.swift */,
				A20000000000000000000009 /* QuickLookInfo.plist */,
			);
			path = QuickLook;
			sourceTree = "<group>";
		};
		A50000000000000000000004 /* Products */ = {
			isa = PBXGroup;
			children = (
				A20000000000000000000003 /* SVNStudio.app */,
				A20000000000000000000005 /* SVNStudioFinderSync.appex */,
				A20000000000000000000008 /* SVNStudioQuickLook.appex */,
			);
			name = Products;
			sourceTree = "<group>";
		};
/* End PBXGroup section */

/* Begin PBXNativeTarget section */
		A60000000000000000000001 /* SVNStudio */ = {
			isa = PBXNativeTarget;
			buildConfigurationList = A70000000000000000000003 /* Build configuration list for PBXNativeTarget "MacSVN" */;
			buildPhases = (
				A40000000000000000000002 /* Sources */,
				A40000000000000000000001 /* Frameworks */,
				A40000000000000000000003 /* Resources */,
				A12000000000000000000001 /* Embed Foundation Extensions */,
			);
			buildRules = (
			);
			dependencies = (
				A13000000000000000000001 /* PBXTargetDependency */,
				A13000000000000000000002 /* PBXTargetDependency */,
			);
			name = SVNStudio;
			packageProductDependencies = (
				A30000000000000000000001 /* MacSvnApp */,
			);
			productName = SVNStudio;
			productReference = A20000000000000000000003 /* SVNStudio.app */;
			productType = "com.apple.product-type.application";
		};
		A60000000000000000000002 /* SVNStudioFinderSync */ = {
			isa = PBXNativeTarget;
			buildConfigurationList = A70000000000000000000004 /* Build configuration list for PBXNativeTarget "MacSVNFinderSync" */;
			buildPhases = (
				A40000000000000000000005 /* Sources */,
				A40000000000000000000004 /* Frameworks */,
				A40000000000000000000006 /* Resources */,
			);
			buildRules = (
			);
			dependencies = (
			);
			name = SVNStudioFinderSync;
			packageProductDependencies = (
				A30000000000000000000002 /* MacSvnCore */,
			);
			productName = SVNStudioFinderSync;
			productReference = A20000000000000000000005 /* SVNStudioFinderSync.appex */;
			productType = "com.apple.product-type.app-extension";
		};
		A60000000000000000000003 /* SVNStudioQuickLook */ = {
			isa = PBXNativeTarget;
			buildConfigurationList = A70000000000000000000005 /* Build configuration list for PBXNativeTarget "MacSVNQuickLook" */;
			buildPhases = (
				A40000000000000000000008 /* Sources */,
				A40000000000000000000007 /* Frameworks */,
				A40000000000000000000009 /* Resources */,
			);
			buildRules = (
			);
			dependencies = (
			);
			name = SVNStudioQuickLook;
			packageProductDependencies = (
				A30000000000000000000003 /* MacSvnCore */,
			);
			productName = SVNStudioQuickLook;
			productReference = A20000000000000000000008 /* SVNStudioQuickLook.appex */;
			productType = "com.apple.product-type.app-extension";
		};
/* End PBXNativeTarget section */

/* Begin PBXProject section */
		A80000000000000000000001 /* Project object */ = {
			isa = PBXProject;
			attributes = {
				BuildIndependentTargetsInParallel = 1;
				LastSwiftUpdateCheck = 1600;
				LastUpgradeCheck = 1600;
				TargetAttributes = {
					A60000000000000000000001 = {
						CreatedOnToolsVersion = 16.0;
					};
					A60000000000000000000002 = {
						CreatedOnToolsVersion = 16.0;
					};
					A60000000000000000000003 = {
						CreatedOnToolsVersion = 16.0;
					};
				};
			};
			buildConfigurationList = A70000000000000000000001 /* Build configuration list for PBXProject "MacSVN" */;
			compatibilityVersion = "Xcode 15.0";
			developmentRegion = "zh-Hans";
			hasScannedForEncodings = 0;
			knownRegions = (
				en,
				Base,
				"zh-Hans",
			);
			mainGroup = A50000000000000000000001;
			packageReferences = (
				A90000000000000000000001 /* XCLocalSwiftPackageReference "." */,
			);
			productRefGroup = A50000000000000000000004 /* Products */;
			projectDirPath = "";
			projectRoot = "";
			targets = (
				A60000000000000000000001 /* SVNStudio */,
				A60000000000000000000002 /* SVNStudioFinderSync */,
				A60000000000000000000003 /* SVNStudioQuickLook */,
			);
		};
/* End PBXProject section */

/* Begin PBXResourcesBuildPhase section */
		A40000000000000000000003 /* Resources */ = {
			isa = PBXResourcesBuildPhase;
			buildActionMask = 2147483647;
			files = (
			);
			runOnlyForDeploymentPostprocessing = 0;
		};
		A40000000000000000000006 /* Resources */ = {
			isa = PBXResourcesBuildPhase;
			buildActionMask = 2147483647;
			files = (
			);
			runOnlyForDeploymentPostprocessing = 0;
		};
		A40000000000000000000009 /* Resources */ = {
			isa = PBXResourcesBuildPhase;
			buildActionMask = 2147483647;
			files = (
			);
			runOnlyForDeploymentPostprocessing = 0;
		};
/* End PBXResourcesBuildPhase section */

/* Begin PBXSourcesBuildPhase section */
		A40000000000000000000002 /* Sources */ = {
			isa = PBXSourcesBuildPhase;
			buildActionMask = 2147483647;
			files = (
				A10000000000000000000001 /* MacSvnDesktopApp.swift in Sources */,
			);
			runOnlyForDeploymentPostprocessing = 0;
		};
		A40000000000000000000005 /* Sources */ = {
			isa = PBXSourcesBuildPhase;
			buildActionMask = 2147483647;
			files = (
				A10000000000000000000003 /* MacSvnFinderSync.swift in Sources */,
			);
			runOnlyForDeploymentPostprocessing = 0;
		};
		A40000000000000000000008 /* Sources */ = {
			isa = PBXSourcesBuildPhase;
			buildActionMask = 2147483647;
			files = (
				A10000000000000000000006 /* MacSvnQuickLookPreviewProvider.swift in Sources */,
			);
			runOnlyForDeploymentPostprocessing = 0;
		};
/* End PBXSourcesBuildPhase section */

/* Begin PBXTargetDependency section */
		A13000000000000000000001 /* PBXTargetDependency */ = {
			isa = PBXTargetDependency;
			target = A60000000000000000000002 /* SVNStudioFinderSync */;
			targetProxy = A11000000000000000000001 /* PBXContainerItemProxy */;
		};
		A13000000000000000000002 /* PBXTargetDependency */ = {
			isa = PBXTargetDependency;
			target = A60000000000000000000003 /* SVNStudioQuickLook */;
			targetProxy = A11000000000000000000002 /* PBXContainerItemProxy */;
		};
/* End PBXTargetDependency section */

/* Begin XCBuildConfiguration section */
		A70000000000000000000011 /* Debug */ = {
			isa = XCBuildConfiguration;
			buildSettings = {
				ALWAYS_SEARCH_USER_PATHS = NO;
				CLANG_ENABLE_MODULES = YES;
				COPY_PHASE_STRIP = NO;
				DEBUG_INFORMATION_FORMAT = dwarf;
				ENABLE_TESTABILITY = YES;
				GCC_DYNAMIC_NO_PIC = NO;
				MACOSX_DEPLOYMENT_TARGET = 14.0;
				ONLY_ACTIVE_ARCH = YES;
				SDKROOT = macosx;
				SWIFT_ACTIVE_COMPILATION_CONDITIONS = "DEBUG $(inherited)";
				SWIFT_OPTIMIZATION_LEVEL = "-Onone";
				SWIFT_VERSION = 6.0;
			};
			name = Debug;
		};
		A70000000000000000000012 /* Release */ = {
			isa = XCBuildConfiguration;
			buildSettings = {
				ALWAYS_SEARCH_USER_PATHS = NO;
				CLANG_ENABLE_MODULES = YES;
				COPY_PHASE_STRIP = NO;
				DEBUG_INFORMATION_FORMAT = "dwarf-with-dsym";
				MACOSX_DEPLOYMENT_TARGET = 14.0;
				SDKROOT = macosx;
				SWIFT_COMPILATION_MODE = wholemodule;
				SWIFT_VERSION = 6.0;
			};
			name = Release;
		};
		A70000000000000000000021 /* Debug */ = {
			isa = XCBuildConfiguration;
			buildSettings = {
				CODE_SIGN_IDENTITY = "-";
				CODE_SIGN_STYLE = Automatic;
				COMBINE_HIDPI_IMAGES = YES;
				CURRENT_PROJECT_VERSION = 1;
				ENABLE_HARDENED_RUNTIME = YES;
				GENERATE_INFOPLIST_FILE = NO;
				INFOPLIST_FILE = Packaging/SVNStudio/Info.plist;
				LD_RUNPATH_SEARCH_PATHS = (
					"$(inherited)",
					"@executable_path/../Frameworks",
				);
				MARKETING_VERSION = 0.1.0;
				PRODUCT_BUNDLE_IDENTIFIER = dev.yclenove.svnstudio;
				PRODUCT_NAME = SVNStudio;
				SWIFT_EMIT_LOC_STRINGS = YES;
				SWIFT_VERSION = 6.0;
			};
			name = Debug;
		};
		A70000000000000000000022 /* Release */ = {
			isa = XCBuildConfiguration;
			buildSettings = {
				CODE_SIGN_IDENTITY = "-";
				CODE_SIGN_STYLE = Automatic;
				COMBINE_HIDPI_IMAGES = YES;
				CURRENT_PROJECT_VERSION = 1;
				ENABLE_HARDENED_RUNTIME = YES;
				GENERATE_INFOPLIST_FILE = NO;
				INFOPLIST_FILE = Packaging/SVNStudio/Info.plist;
				LD_RUNPATH_SEARCH_PATHS = (
					"$(inherited)",
					"@executable_path/../Frameworks",
				);
				MARKETING_VERSION = 0.1.0;
				PRODUCT_BUNDLE_IDENTIFIER = dev.yclenove.svnstudio;
				PRODUCT_NAME = SVNStudio;
				SWIFT_EMIT_LOC_STRINGS = YES;
				SWIFT_VERSION = 6.0;
			};
			name = Release;
		};
		A70000000000000000000031 /* Debug */ = {
			isa = XCBuildConfiguration;
			buildSettings = {
				CODE_SIGN_IDENTITY = "-";
				CODE_SIGN_STYLE = Automatic;
				COMBINE_HIDPI_IMAGES = YES;
				CURRENT_PROJECT_VERSION = 1;
				ENABLE_APP_SANDBOX = NO;
				ENABLE_HARDENED_RUNTIME = YES;
				GENERATE_INFOPLIST_FILE = NO;
				INFOPLIST_FILE = Packaging/FinderSync/Info.plist;
				LD_RUNPATH_SEARCH_PATHS = (
					"$(inherited)",
					"@executable_path/../Frameworks",
					"@executable_path/../../../../Frameworks",
				);
				MACOSX_DEPLOYMENT_TARGET = 14.0;
				MARKETING_VERSION = 0.1.0;
				PRODUCT_BUNDLE_IDENTIFIER = dev.yclenove.svnstudio.FinderSync;
				PRODUCT_NAME = SVNStudioFinderSync;
				SKIP_INSTALL = YES;
				SWIFT_EMIT_LOC_STRINGS = YES;
				SWIFT_VERSION = 6.0;
			};
			name = Debug;
		};
		A70000000000000000000032 /* Release */ = {
			isa = XCBuildConfiguration;
			buildSettings = {
				CODE_SIGN_IDENTITY = "-";
				CODE_SIGN_STYLE = Automatic;
				COMBINE_HIDPI_IMAGES = YES;
				CURRENT_PROJECT_VERSION = 1;
				ENABLE_APP_SANDBOX = NO;
				ENABLE_HARDENED_RUNTIME = YES;
				GENERATE_INFOPLIST_FILE = NO;
				INFOPLIST_FILE = Packaging/FinderSync/Info.plist;
				LD_RUNPATH_SEARCH_PATHS = (
					"$(inherited)",
					"@executable_path/../Frameworks",
					"@executable_path/../../../../Frameworks",
				);
				MACOSX_DEPLOYMENT_TARGET = 14.0;
				MARKETING_VERSION = 0.1.0;
				PRODUCT_BUNDLE_IDENTIFIER = dev.yclenove.svnstudio.FinderSync;
				PRODUCT_NAME = SVNStudioFinderSync;
				SKIP_INSTALL = YES;
				SWIFT_EMIT_LOC_STRINGS = YES;
				SWIFT_VERSION = 6.0;
			};
			name = Release;
		};
		A70000000000000000000041 /* Debug */ = {
			isa = XCBuildConfiguration;
			buildSettings = {
				CODE_SIGN_IDENTITY = "-";
				CODE_SIGN_STYLE = Automatic;
				COMBINE_HIDPI_IMAGES = YES;
				CURRENT_PROJECT_VERSION = 1;
				ENABLE_APP_SANDBOX = NO;
				ENABLE_HARDENED_RUNTIME = YES;
				GENERATE_INFOPLIST_FILE = NO;
				INFOPLIST_FILE = Packaging/QuickLook/Info.plist;
				LD_RUNPATH_SEARCH_PATHS = (
					"$(inherited)",
					"@executable_path/../Frameworks",
					"@executable_path/../../../../Frameworks",
				);
				MACOSX_DEPLOYMENT_TARGET = 14.0;
				MARKETING_VERSION = 0.1.0;
				PRODUCT_BUNDLE_IDENTIFIER = dev.yclenove.svnstudio.QuickLook;
				PRODUCT_NAME = SVNStudioQuickLook;
				SKIP_INSTALL = YES;
				SWIFT_EMIT_LOC_STRINGS = YES;
				SWIFT_VERSION = 6.0;
			};
			name = Debug;
		};
		A70000000000000000000042 /* Release */ = {
			isa = XCBuildConfiguration;
			buildSettings = {
				CODE_SIGN_IDENTITY = "-";
				CODE_SIGN_STYLE = Automatic;
				COMBINE_HIDPI_IMAGES = YES;
				CURRENT_PROJECT_VERSION = 1;
				ENABLE_APP_SANDBOX = NO;
				ENABLE_HARDENED_RUNTIME = YES;
				GENERATE_INFOPLIST_FILE = NO;
				INFOPLIST_FILE = Packaging/QuickLook/Info.plist;
				LD_RUNPATH_SEARCH_PATHS = (
					"$(inherited)",
					"@executable_path/../Frameworks",
					"@executable_path/../../../../Frameworks",
				);
				MACOSX_DEPLOYMENT_TARGET = 14.0;
				MARKETING_VERSION = 0.1.0;
				PRODUCT_BUNDLE_IDENTIFIER = dev.yclenove.svnstudio.QuickLook;
				PRODUCT_NAME = SVNStudioQuickLook;
				SKIP_INSTALL = YES;
				SWIFT_EMIT_LOC_STRINGS = YES;
				SWIFT_VERSION = 6.0;
			};
			name = Release;
		};
/* End XCBuildConfiguration section */

/* Begin XCConfigurationList section */
		A70000000000000000000001 /* Build configuration list for PBXProject "MacSVN" */ = {
			isa = XCConfigurationList;
			buildConfigurations = (
				A70000000000000000000011 /* Debug */,
				A70000000000000000000012 /* Release */,
			);
			defaultConfigurationIsVisible = 0;
			defaultConfigurationName = Release;
		};
		A70000000000000000000003 /* Build configuration list for PBXNativeTarget "MacSVN" */ = {
			isa = XCConfigurationList;
			buildConfigurations = (
				A70000000000000000000021 /* Debug */,
				A70000000000000000000022 /* Release */,
			);
			defaultConfigurationIsVisible = 0;
			defaultConfigurationName = Release;
		};
		A70000000000000000000004 /* Build configuration list for PBXNativeTarget "MacSVNFinderSync" */ = {
			isa = XCConfigurationList;
			buildConfigurations = (
				A70000000000000000000031 /* Debug */,
				A70000000000000000000032 /* Release */,
			);
			defaultConfigurationIsVisible = 0;
			defaultConfigurationName = Release;
		};
		A70000000000000000000005 /* Build configuration list for PBXNativeTarget "MacSVNQuickLook" */ = {
			isa = XCConfigurationList;
			buildConfigurations = (
				A70000000000000000000041 /* Debug */,
				A70000000000000000000042 /* Release */,
			);
			defaultConfigurationIsVisible = 0;
			defaultConfigurationName = Release;
		};
/* End XCConfigurationList section */

/* Begin XCLocalSwiftPackageReference section */
		A90000000000000000000001 /* XCLocalSwiftPackageReference "." */ = {
			isa = XCLocalSwiftPackageReference;
			relativePath = .;
		};
/* End XCLocalSwiftPackageReference section */

/* Begin XCSwiftPackageProductDependency section */
		A30000000000000000000001 /* MacSvnApp */ = {
			isa = XCSwiftPackageProductDependency;
			productName = MacSvnApp;
		};
		A30000000000000000000002 /* MacSvnCore */ = {
			isa = XCSwiftPackageProductDependency;
			productName = MacSvnCore;
		};
		A30000000000000000000003 /* MacSvnCore */ = {
			isa = XCSwiftPackageProductDependency;
			productName = MacSvnCore;
		};
/* End XCSwiftPackageProductDependency section */
	};
	rootObject = A80000000000000000000001 /* Project object */;
}
